// !$*UTF8*$!
{
	archiveVersion = 1;
	classes = {
	};
	objectVersion = 77;
	objects = {

/* Begin PBXBuildFile section */
		3F97341F2CC035020030F33A /* FirebaseAuth in Frameworks */ = {isa = PBXBuildFile; productRef = 3F97341E2CC035020030F33A /* FirebaseAuth */; };
		3F9734212CC035020030F33A /* FirebaseCore in Frameworks */ = {isa = PBXBuildFile; productRef = 3F9734202CC035020030F33A /* FirebaseCore */; };
		3F9734232CC035020030F33A /* FirebaseDatabase in Frameworks */ = {isa = PBXBuildFile; productRef = 3F9734222CC035020030F33A /* FirebaseDatabase */; };
		3F9734252CC035020030F33A /* FirebaseFirestore in Frameworks */ = {isa = PBXBuildFile; productRef = 3F9734242CC035020030F33A /* FirebaseFirestore */; };
		3F9734272CC035020030F33A /* FirebaseStorage in Frameworks */ = {isa = PBXBuildFile; productRef = 3F9734262CC035020030F33A /* FirebaseStorage */; };
		3F9D5CD62CBEB223007C5343 /* SVGKit in Frameworks */ = {isa = PBXBuildFile; productRef = 3F9D5CD52CBEB223007C5343 /* SVGKit */; };
		3F9D5CDD2CBEBA0D007C5343 /* GoogleSignIn in Frameworks */ = {isa = PBXBuildFile; productRef = 3F9D5CDC2CBEBA0D007C5343 /* GoogleSignIn */; };
		3F9D5CDF2CBEBA0D007C5343 /* GoogleSignInSwift in Frameworks */ = {isa = PBXBuildFile; productRef = 3F9D5CDE2CBEBA0D007C5343 /* GoogleSignInSwift */; };
/* End PBXBuildFile section */

/* Begin PBXFileReference section */
		3FF232402CBE1B24003EB251 /* Fouxd Training.app */ = {isa = PBXFileReference; explicitFileType = wrapper.application; includeInIndex = 0; path = "Fouxd Training.app"; sourceTree = BUILT_PRODUCTS_DIR; };
/* End PBXFileReference section */

/* Begin PBXFileSystemSynchronizedRootGroup section */
		3FF232422CBE1B24003EB251 /* Fouxd Training */ = {
			isa = PBXFileSystemSynchronizedRootGroup;
			path = "Fouxd Training";
			sourceTree = "<group>";
		};
/* End PBXFileSystemSynchronizedRootGroup section */

/* Begin PBXFrameworksBuildPhase section */
		3FF2323D2CBE1B24003EB251 /* Frameworks */ = {
			isa = PBXFrameworksBuildPhase;
			buildActionMask = 2147483647;
			files = (
				3F9734232CC035020030F33A /* FirebaseDatabase in Frameworks */,
				3F9D5CD62CBEB223007C5343 /* SVGKit in Frameworks */,
				3F9734212CC035020030F33A /* FirebaseCore in Frameworks */,
				3F9D5CDD2CBEBA0D007C5343 /* GoogleSignIn in Frameworks */,
				3F9D5CDF2CBEBA0D007C5343 /* GoogleSignInSwift in Frameworks */,
				3F9734272CC035020030F33A /* FirebaseStorage in Frameworks */,
				3F97341F2CC035020030F33A /* FirebaseAuth in Frameworks */,
				3F9734252CC035020030F33A /* FirebaseFirestore in Frameworks */,
			);
			runOnlyForDeploymentPostprocessing = 0;
		};
/* End PBXFrameworksBuildPhase section */

/* Begin PBXGroup section */
		3FF232372CBE1B24003EB251 = {
			isa = PBXGroup;
			children = (
				3FF232422CBE1B24003EB251 /* Fouxd Training */,
				3FF232412CBE1B24003EB251 /* Products */,
			);
			sourceTree = "<group>";
		};
		3FF232412CBE1B24003EB251 /* Products */ = {
			isa = PBXGroup;
			children = (
				3FF232402CBE1B24003EB251 /* Fouxd Training.app */,
			);
			name = Products;
			sourceTree = "<group>";
		};
/* End PBXGroup section */

/* Begin PBXNativeTarget section */
		3FF2323F2CBE1B24003EB251 /* Fouxd Training */ = {
			isa = PBXNativeTarget;
			buildConfigurationList = 3FF2324E2CBE1B27003EB251 /* Build configuration list for PBXNativeTarget "Fouxd Training" */;
			buildPhases = (
				3FF2323C2CBE1B24003EB251 /* Sources */,
				3FF2323D2CBE1B24003EB251 /* Frameworks */,
				3FF2323E2CBE1B24003EB251 /* Resources */,
			);
			buildRules = (
			);
			dependencies = (
			);
			fileSystemSynchronizedGroups = (
				3FF232422CBE1B24003EB251 /* Fouxd Training */,
			);
			name = "Fouxd Training";
			packageProductDependencies = (
				3F9D5CD52CBEB223007C5343 /* SVGKit */,
				3F9D5CDC2CBEBA0D007C5343 /* GoogleSignIn */,
				3F9D5CDE2CBEBA0D007C5343 /* GoogleSignInSwift */,
				3F97341E2CC035020030F33A /* FirebaseAuth */,
				3F9734202CC035020030F33A /* FirebaseCore */,
				3F9734222CC035020030F33A /* FirebaseDatabase */,
				3F9734242CC035020030F33A /* FirebaseFirestore */,
				3F9734262CC035020030F33A /* FirebaseStorage */,
			);
			productName = "Fouxd Training";
			productReference = 3FF232402CBE1B24003EB251 /* Fouxd Training.app */;
			productType = "com.apple.product-type.application";
		};
/* End PBXNativeTarget section */

/* Begin PBXProject section */
		3FF232382CBE1B24003EB251 /* Project object */ = {
			isa = PBXProject;
			attributes = {
				BuildIndependentTargetsInParallel = 1;
				LastSwiftUpdateCheck = 1600;
				LastUpgradeCheck = 1600;
				TargetAttributes = {
					3FF2323F2CBE1B24003EB251 = {
						CreatedOnToolsVersion = 16.0;
					};
				};
			};
			buildConfigurationList = 3FF2323B2CBE1B24003EB251 /* Build configuration list for PBXProject "Fouxd Training" */;
			developmentRegion = en;
			hasScannedForEncodings = 0;
			knownRegions = (
				en,
				Base,
				kk,
			);
			mainGroup = 3FF232372CBE1B24003EB251;
			minimizedProjectReferenceProxies = 1;
			packageReferences = (
				3F9D5CD42CBEB223007C5343 /* XCRemoteSwiftPackageReference "SVGKit" */,
				3F9D5CDB2CBEBA0D007C5343 /* XCRemoteSwiftPackageReference "GoogleSignIn-iOS" */,
				3F97341D2CC035020030F33A /* XCRemoteSwiftPackageReference "firebase-ios-sdk" */,
			);
			preferredProjectObjectVersion = 77;
			productRefGroup = 3FF232412CBE1B24003EB251 /* Products */;
			projectDirPath = "";
			projectRoot = "";
			targets = (
				3FF2323F2CBE1B24003EB251 /* Fouxd Training */,
			);
		};
/* End PBXProject section */

/* Begin PBXResourcesBuildPhase section */
		3FF2323E2CBE1B24003EB251 /* Resources */ = {
			isa = PBXResourcesBuildPhase;
			buildActionMask = 2147483647;
			files = (
			);
			runOnlyForDeploymentPostprocessing = 0;
		};
/* End PBXResourcesBuildPhase section */

/* Begin PBXSourcesBuildPhase section */
		3FF2323C2CBE1B24003EB251 /* Sources */ = {
			isa = PBXSourcesBuildPhase;
			buildActionMask = 2147483647;
			files = (
			);
			runOnlyForDeploymentPostprocessing = 0;
		};
/* End PBXSourcesBuildPhase section */

/* Begin XCBuildConfiguration section */
		3FF2324C2CBE1B27003EB251 /* Debug */ = {
			isa = XCBuildConfiguration;
			buildSettings = {
				ALWAYS_SEARCH_USER_PATHS = NO;
				ASSETCATALOG_COMPILER_GENERATE_SWIFT_ASSET_SYMBOL_EXTENSIONS = YES;
				CLANG_ANALYZER_NONNULL = YES;
				CLANG_ANALYZER_NUMBER_OBJECT_CONVERSION = YES_AGGRESSIVE;
				CLANG_CXX_LANGUAGE_STANDARD = "gnu++20";
				CLANG_ENABLE_MODULES = YES;
				CLANG_ENABLE_OBJC_ARC = YES;
				CLANG_ENABLE_OBJC_WEAK = YES;
				CLANG_WARN_BLOCK_CAPTURE_AUTORELEASING = YES;
				CLANG_WARN_BOOL_CONVERSION = YES;
				CLANG_WARN_COMMA = YES;
				CLANG_WARN_CONSTANT_CONVERSION = YES;
				CLANG_WARN_DEPRECATED_OBJC_IMPLEMENTATIONS = YES;
				CLANG_WARN_DIRECT_OBJC_ISA_USAGE = YES_ERROR;
				CLANG_WARN_DOCUMENTATION_COMMENTS = YES;
				CLANG_WARN_EMPTY_BODY = YES;
				CLANG_WARN_ENUM_CONVERSION = YES;
				CLANG_WARN_INFINITE_RECURSION = YES;
				CLANG_WARN_INT_CONVERSION = YES;
				CLANG_WARN_NON_LITERAL_NULL_CONVERSION = YES;
				CLANG_WARN_OBJC_IMPLICIT_RETAIN_SELF = YES;
				CLANG_WARN_OBJC_LITERAL_CONVERSION = YES;
				CLANG_WARN_OBJC_ROOT_CLASS = YES_ERROR;
				CLANG_WARN_QUOTED_INCLUDE_IN_FRAMEWORK_HEADER = YES;
				CLANG_WARN_RANGE_LOOP_ANALYSIS = YES;
				CLANG_WARN_STRICT_PROTOTYPES = YES;
				CLANG_WARN_SUSPICIOUS_MOVE = YES;
				CLANG_WARN_UNGUARDED_AVAILABILITY = YES_AGGRESSIVE;
				CLANG_WARN_UNREACHABLE_CODE = YES;
				CLANG_WARN__DUPLICATE_METHOD_MATCH = YES;
				COPY_PHASE_STRIP = NO;
				DEBUG_INFORMATION_FORMAT = dwarf;
				ENABLE_STRICT_OBJC_MSGSEND = YES;
				ENABLE_TESTABILITY = YES;
				ENABLE_USER_SCRIPT_SANDBOXING = YES;
				GCC_C_LANGUAGE_STANDARD = gnu17;
				GCC_DYNAMIC_NO_PIC = NO;
				GCC_NO_COMMON_BLOCKS = YES;
				GCC_OPTIMIZATION_LEVEL = 0;
				GCC_PREPROCESSOR_DEFINITIONS = (
					"DEBUG=1",
					"$(inherited)",
				);
				GCC_WARN_64_TO_32_BIT_CONVERSION = YES;
				GCC_WARN_ABOUT_RETURN_TYPE = YES_ERROR;
				GCC_WARN_UNDECLARED_SELECTOR = YES;
				GCC_WARN_UNINITIALIZED_AUTOS = YES_AGGRESSIVE;
				GCC_WARN_UNUSED_FUNCTION = YES;
				GCC_WARN_UNUSED_VARIABLE = YES;
				IPHONEOS_DEPLOYMENT_TARGET = 18.0;
				LOCALIZATION_PREFERS_STRING_CATALOGS = YES;
				MTL_ENABLE_DEBUG_INFO = INCLUDE_SOURCE;
				MTL_FAST_MATH = YES;
				ONLY_ACTIVE_ARCH = YES;
				SDKROOT = iphoneos;
				SWIFT_ACTIVE_COMPILATION_CONDITIONS = "DEBUG $(inherited)";
				SWIFT_EMIT_LOC_STRINGS = YES;
				SWIFT_OPTIMIZATION_LEVEL = "-Onone";
			};
			name = Debug;
		};
		3FF2324D2CBE1B27003EB251 /* Release */ = {
			isa = XCBuildConfiguration;
			buildSettings = {
				ALWAYS_SEARCH_USER_PATHS = NO;
				ASSETCATALOG_COMPILER_GENERATE_SWIFT_ASSET_SYMBOL_EXTENSIONS = YES;
				CLANG_ANALYZER_NONNULL = YES;
				CLANG_ANALYZER_NUMBER_OBJECT_CONVERSION = YES_AGGRESSIVE;
				CLANG_CXX_LANGUAGE_STANDARD = "gnu++20";
				CLANG_ENABLE_MODULES = YES;
				CLANG_ENABLE_OBJC_ARC = YES;
				CLANG_ENABLE_OBJC_WEAK = YES;
				CLANG_WARN_BLOCK_CAPTURE_AUTORELEASING = YES;
				CLANG_WARN_BOOL_CONVERSION = YES;
				CLANG_WARN_COMMA = YES;
				CLANG_WARN_CONSTANT_CONVERSION = YES;
				CLANG_WARN_DEPRECATED_OBJC_IMPLEMENTATIONS = YES;
				CLANG_WARN_DIRECT_OBJC_ISA_USAGE = YES_ERROR;
				CLANG_WARN_DOCUMENTATION_COMMENTS = YES;
				CLANG_WARN_EMPTY_BODY = YES;
				CLANG_WARN_ENUM_CONVERSION = YES;
				CLANG_WARN_INFINITE_RECURSION = YES;
				CLANG_WARN_INT_CONVERSION = YES;
				CLANG_WARN_NON_LITERAL_NULL_CONVERSION = YES;
				CLANG_WARN_OBJC_IMPLICIT_RETAIN_SELF = YES;
				CLANG_WARN_OBJC_LITERAL_CONVERSION = YES;
				CLANG_WARN_OBJC_ROOT_CLASS = YES_ERROR;
				CLANG_WARN_QUOTED_INCLUDE_IN_FRAMEWORK_HEADER = YES;
				CLANG_WARN_RANGE_LOOP_ANALYSIS = YES;
				CLANG_WARN_STRICT_PROTOTYPES = YES;
				CLANG_WARN_SUSPICIOUS_MOVE = YES;
				CLANG_WARN_UNGUARDED_AVAILABILITY = YES_AGGRESSIVE;
				CLANG_WARN_UNREACHABLE_CODE = YES;
				CLANG_WARN__DUPLICATE_METHOD_MATCH = YES;
				COPY_PHASE_STRIP = NO;
				DEBUG_INFORMATION_FORMAT = "dwarf-with-dsym";
				ENABLE_NS_ASSERTIONS = NO;
				ENABLE_STRICT_OBJC_MSGSEND = YES;
				ENABLE_USER_SCRIPT_SANDBOXING = YES;
				GCC_C_LANGUAGE_STANDARD = gnu17;
				GCC_NO_COMMON_BLOCKS = YES;
				GCC_WARN_64_TO_32_BIT_CONVERSION = YES;
				GCC_WARN_ABOUT_RETURN_TYPE = YES_ERROR;
				GCC_WARN_UNDECLARED_SELECTOR = YES;
				GCC_WARN_UNINITIALIZED_AUTOS = YES_AGGRESSIVE;
				GCC_WARN_UNUSED_FUNCTION = YES;
				GCC_WARN_UNUSED_VARIABLE = YES;
				IPHONEOS_DEPLOYMENT_TARGET = 18.0;
				LOCALIZATION_PREFERS_STRING_CATALOGS = YES;
				MTL_ENABLE_DEBUG_INFO = NO;
				MTL_FAST_MATH = YES;
				SDKROOT = iphoneos;
				SWIFT_COMPILATION_MODE = wholemodule;
				SWIFT_EMIT_LOC_STRINGS = YES;
				VALIDATE_PRODUCT = YES;
			};
			name = Release;
		};
		3FF2324F2CBE1B27003EB251 /* Debug */ = {
			isa = XCBuildConfiguration;
			buildSettings = {
				ASSETCATALOG_COMPILER_APPICON_NAME = AppIcon;
				ASSETCATALOG_COMPILER_GLOBAL_ACCENT_COLOR_NAME = AccentColor;
				CODE_SIGN_ENTITLEMENTS = "Fouxd Training/Fouxd Training.entitlements";
				CODE_SIGN_STYLE = Automatic;
				CURRENT_PROJECT_VERSION = 1;
				DEVELOPMENT_ASSET_PATHS = "\"Fouxd Training/Preview Content\"";
				DEVELOPMENT_TEAM = UBRTH86SZ3;
				ENABLE_PREVIEWS = YES;
				GENERATE_INFOPLIST_FILE = YES;
				INFOPLIST_FILE = "Fouxd-Training-Info.plist";
				INFOPLIST_KEY_NSHealthShareUsageDescription = "Sync with Health App";
				INFOPLIST_KEY_UIApplicationSceneManifest_Generation = YES;
				INFOPLIST_KEY_UIApplicationSupportsIndirectInputEvents = YES;
				INFOPLIST_KEY_UILaunchScreen_Generation = YES;
				INFOPLIST_KEY_UISupportedInterfaceOrientations_iPad = "UIInterfaceOrientationPortrait UIInterfaceOrientationPortraitUpsideDown UIInterfaceOrientationLandscapeLeft UIInterfaceOrientationLandscapeRight";
				INFOPLIST_KEY_UISupportedInterfaceOrientations_iPhone = "UIInterfaceOrientationPortrait UIInterfaceOrientationLandscapeLeft UIInterfaceOrientationLandscapeRight";
				IPHONEOS_DEPLOYMENT_TARGET = 17.0;
				LD_RUNPATH_SEARCH_PATHS = (
					"$(inherited)",
					"@executable_path/Frameworks",
				);
				MARKETING_VERSION = 1.0;
				PRODUCT_BUNDLE_IDENTIFIER = "kairatovalmat.Fouxd-Training";
				PRODUCT_NAME = "$(TARGET_NAME)";
				SWIFT_EMIT_LOC_STRINGS = YES;
				SWIFT_VERSION = 5.0;
				TARGETED_DEVICE_FAMILY = "1,2";
			};
			name = Debug;
		};
		3FF232502CBE1B27003EB251 /* Release */ = {
			isa = XCBuildConfiguration;
			buildSettings = {
				ASSETCATALOG_COMPILER_APPICON_NAME = AppIcon;
				ASSETCATALOG_COMPILER_GLOBAL_ACCENT_COLOR_NAME = AccentColor;
				CODE_SIGN_ENTITLEMENTS = "Fouxd Training/Fouxd Training.entitlements";
				CODE_SIGN_STYLE = Automatic;
				CURRENT_PROJECT_VERSION = 1;
				DEVELOPMENT_ASSET_PATHS = "\"Fouxd Training/Preview Content\"";
				DEVELOPMENT_TEAM = UBRTH86SZ3;
				ENABLE_PREVIEWS = YES;
				GENERATE_INFOPLIST_FILE = YES;
				INFOPLIST_FILE = "Fouxd-Training-Info.plist";
				INFOPLIST_KEY_NSHealthShareUsageDescription = "Sync with Health App";
				INFOPLIST_KEY_UIApplicationSceneManifest_Generation = YES;
				INFOPLIST_KEY_UIApplicationSupportsIndirectInputEvents = YES;
				INFOPLIST_KEY_UILaunchScreen_Generation = YES;
				INFOPLIST_KEY_UISupportedInterfaceOrientations_iPad = "UIInterfaceOrientationPortrait UIInterfaceOrientationPortraitUpsideDown UIInterfaceOrientationLandscapeLeft UIInterfaceOrientationLandscapeRight";
				INFOPLIST_KEY_UISupportedInterfaceOrientations_iPhone = "UIInterfaceOrientationPortrait UIInterfaceOrientationLandscapeLeft UIInterfaceOrientationLandscapeRight";
				IPHONEOS_DEPLOYMENT_TARGET = 17.0;
				LD_RUNPATH_SEARCH_PATHS = (
					"$(inherited)",
					"@executable_path/Frameworks",
				);
				MARKETING_VERSION = 1.0;
				PRODUCT_BUNDLE_IDENTIFIER = "kairatovalmat.Fouxd-Training";
				PRODUCT_NAME = "$(TARGET_NAME)";
				SWIFT_EMIT_LOC_STRINGS = YES;
				SWIFT_VERSION = 5.0;
				TARGETED_DEVICE_FAMILY = "1,2";
			};
			name = Release;
		};
/* End XCBuildConfiguration section */

/* Begin XCConfigurationList section */
		3FF2323B2CBE1B24003EB251 /* Build configuration list for PBXProject "Fouxd Training" */ = {
			isa = XCConfigurationList;
			buildConfigurations = (
				3FF2324C2CBE1B27003EB251 /* Debug */,
				3FF2324D2CBE1B27003EB251 /* Release */,
			);
			defaultConfigurationIsVisible = 0;
			defaultConfigurationName = Release;
		};
		3FF2324E2CBE1B27003EB251 /* Build configuration list for PBXNativeTarget "Fouxd Training" */ = {
			isa = XCConfigurationList;
			buildConfigurations = (
				3FF2324F2CBE1B27003EB251 /* Debug */,
				3FF232502CBE1B27003EB251 /* Release */,
			);
			defaultConfigurationIsVisible = 0;
			defaultConfigurationName = Release;
		};
/* End XCConfigurationList section */

/* Begin XCRemoteSwiftPackageReference section */
		3F97341D2CC035020030F33A /* XCRemoteSwiftPackageReference "firebase-ios-sdk" */ = {
			isa = XCRemoteSwiftPackageReference;
			repositoryURL = "https://github.com/firebase/firebase-ios-sdk";
			requirement = {
				kind = upToNextMajorVersion;
				minimumVersion = 11.3.0;
			};
		};
		3F9D5CD42CBEB223007C5343 /* XCRemoteSwiftPackageReference "SVGKit" */ = {
			isa = XCRemoteSwiftPackageReference;
			repositoryURL = "https://github.com/SVGKit/SVGKit";
			requirement = {
				kind = upToNextMajorVersion;
				minimumVersion = 3.0.0;
			};
		};
		3F9D5CDB2CBEBA0D007C5343 /* XCRemoteSwiftPackageReference "GoogleSignIn-iOS" */ = {
			isa = XCRemoteSwiftPackageReference;
			repositoryURL = "https://github.com/google/GoogleSignIn-iOS";
			requirement = {
				kind = upToNextMajorVersion;
				minimumVersion = 8.0.0;
			};
		};
/* End XCRemoteSwiftPackageReference section */

/* Begin XCSwiftPackageProductDependency section */
		3F97341E2CC035020030F33A /* FirebaseAuth */ = {
			isa = XCSwiftPackageProductDependency;
			package = 3F97341D2CC035020030F33A /* XCRemoteSwiftPackageReference "firebase-ios-sdk" */;
			productName = FirebaseAuth;
		};
		3F9734202CC035020030F33A /* FirebaseCore */ = {
			isa = XCSwiftPackageProductDependency;
			package = 3F97341D2CC035020030F33A /* XCRemoteSwiftPackageReference "firebase-ios-sdk" */;
			productName = FirebaseCore;
		};
		3F9734222CC035020030F33A /* FirebaseDatabase */ = {
			isa = XCSwiftPackageProductDependency;
			package = 3F97341D2CC035020030F33A /* XCRemoteSwiftPackageReference "firebase-ios-sdk" */;
			productName = FirebaseDatabase;
		};
		3F9734242CC035020030F33A /* FirebaseFirestore */ = {
			isa = XCSwiftPackageProductDependency;
			package = 3F97341D2CC035020030F33A /* XCRemoteSwiftPackageReference "firebase-ios-sdk" */;
			productName = FirebaseFirestore;
		};
		3F9734262CC035020030F33A /* FirebaseStorage */ = {
			isa = XCSwiftPackageProductDependency;
			package = 3F97341D2CC035020030F33A /* XCRemoteSwiftPackageReference "firebase-ios-sdk" */;
			productName = FirebaseStorage;
		};
		3F9D5CD52CBEB223007C5343 /* SVGKit */ = {
			isa = XCSwiftPackageProductDependency;
			package = 3F9D5CD42CBEB223007C5343 /* XCRemoteSwiftPackageReference "SVGKit" */;
			productName = SVGKit;
		};
		3F9D5CDC2CBEBA0D007C5343 /* GoogleSignIn */ = {
			isa = XCSwiftPackageProductDependency;
			package = 3F9D5CDB2CBEBA0D007C5343 /* XCRemoteSwiftPackageReference "GoogleSignIn-iOS" */;
			productName = GoogleSignIn;
		};
		3F9D5CDE2CBEBA0D007C5343 /* GoogleSignInSwift */ = {
			isa = XCSwiftPackageProductDependency;
			package = 3F9D5CDB2CBEBA0D007C5343 /* XCRemoteSwiftPackageReference "GoogleSignIn-iOS" */;
			productName = GoogleSignInSwift;
		};
/* End XCSwiftPackageProductDependency section */
	};
	rootObject = 3FF232382CBE1B24003EB251 /* Project object */;
}
